
Microsoft Visual Studio Solution File, Format Version 12.00
# Visual Studio Version 17
VisualStudioVersion = 17.14.36121.58
MinimumVisualStudioVersion = 10.0.40219.1
Project("{FAE04EC0-301F-11D3-BF4B-00C04F79EFBC}") = "Greeter", "Greeter\Greeter.csproj", "{8ADB3B23-E2EF-43C1-9083-25AB3F4E482B}"
EndProject
Project("{2150E333-8FDC-42A3-9474-1A3956D46DE8}") = "M001_Greeter", "M001_Greeter", "{02EA681E-C7D8-13C7-8484-4AC65E1B71E8}"
EndProject
Project("{2150E333-8FDC-42A3-9474-1A3956D46DE8}") = "M000_Intro", "M000_Intro", "{FD2C49DB-61F3-454B-A589-E3C56D5C6F5E}"
	ProjectSection(SolutionItems) = preProject
		GLOSSAR.md = GLOSSAR.md
		README.md = README.md
	EndProjectSection
EndProject
Project("{2150E333-8FDC-42A3-9474-1A3956D46DE8}") = "M002_Variablen", "M002_Variablen", "{B25D8417-0834-409E-81C4-7E380074A439}"
EndProject
Project("{FAE04EC0-301F-11D3-BF4B-00C04F79EFBC}") = "Variables", "Variables\Variables.csproj", "{52D62BED-BD1A-4482-AB2F-B4F9A3F5087B}"
EndProject
Project("{FAE04EC0-301F-11D3-BF4B-00C04F79EFBC}") = "Lab2_Conversion", "Lab2_Conversion\Lab2_Conversion.csproj", "{482DEBCA-6C84-4F99-AD16-474AFAF0642E}"
EndProject
Project("{2150E333-8FDC-42A3-9474-1A3956D46DE8}") = "M003_Arrays-Conditions", "M003_Arrays-Conditions", "{E33C4730-3742-4CF5-94E7-2036A26DA110}"
EndProject
Project("{FAE04EC0-301F-11D3-BF4B-00C04F79EFBC}") = "Condition-Arrays", "Condition-Arrays\Condition-Arrays.csproj", "{8278312A-F5E3-4674-8A73-E440C6F1B0BC}"
EndProject
Project("{FAE04EC0-301F-11D3-BF4B-00C04F79EFBC}") = "Lab3_GapYearLotto", "Lab3_GapYearLotto\Lab3_GapYearLotto.csproj", "{25D4DAD7-293A-41DB-927C-91CD33361D89}"
EndProject
Project("{2150E333-8FDC-42A3-9474-1A3956D46DE8}") = "M004_Loops-Enums", "M004_Loops-Enums", "{0E3FBF04-C510-444B-ABC8-253907A03932}"
EndProject
Project("{FAE04EC0-301F-11D3-BF4B-00C04F79EFBC}") = "Loops-Enums", "Loops-Enums\Loops-Enums.csproj", "{B8D790AE-A1B4-40A1-8D58-EDB02B9FC912}"
EndProject
Project("{FAE04EC0-301F-11D3-BF4B-00C04F79EFBC}") = "Lab4_Calc", "Lab4_Calc\Lab4_Calc.csproj", "{DD3860A4-3FD6-4AE8-8207-5A80CC5B610E}"
EndProject
Project("{2150E333-8FDC-42A3-9474-1A3956D46DE8}") = "M005_Functions", "M005_Functions", "{ACC11E3A-FDEA-429C-AAFD-E23F8B83589F}"
EndProject
Project("{FAE04EC0-301F-11D3-BF4B-00C04F79EFBC}") = "Functions", "Functions\Functions.csproj", "{F4343AC7-7D7E-41CF-A7AE-A9CBED14EF81}"
EndProject
Project("{FAE04EC0-301F-11D3-BF4B-00C04F79EFBC}") = "Lab5_CalcWithFuncs", "Lab5_CalcWithFuncs\Lab5_CalcWithFuncs.csproj", "{B9810552-D72F-4BF8-A9CB-242924A4F034}"
EndProject
Project("{2150E333-8FDC-42A3-9474-1A3956D46DE8}") = "M006_OOP", "M006_OOP", "{4417EA06-DF77-42A2-B5EA-D6BA8BCBC59F}"
EndProject
Project("{FAE04EC0-301F-11D3-BF4B-00C04F79EFBC}") = "OOP", "OOP\OOP.csproj", "{C0EFAB38-8989-4960-A532-57C24608A7CF}"
EndProject
Project("{FAE04EC0-301F-11D3-BF4B-00C04F79EFBC}") = "Lab6_OOP", "Lab6_OOP\Lab6_OOP.csproj", "{5ABB9276-7EF7-45A8-A573-0FC60B9E128C}"
EndProject
Project("{2150E333-8FDC-42A3-9474-1A3956D46DE8}") = "M008_OOP-Inheritance", "M008_OOP-Inheritance", "{FE1BF6E8-D08D-44C7-8D8F-E0C2DFAE658D}"
EndProject
Project("{FAE04EC0-301F-11D3-BF4B-00C04F79EFBC}") = "OOP-Inheritance", "OOP-Inheritance\OOP-Inheritance.csproj", "{412EE99B-95A4-407B-8356-723D136FA62D}"
EndProject
Project("{FAE04EC0-301F-11D3-BF4B-00C04F79EFBC}") = "Lab8_Inheritance", "Lab8_Inheritance\Lab8_Inheritance.csproj", "{D38C1D62-4844-40C3-A5FB-B783833CDAEF}"
EndProject
Project("{2150E333-8FDC-42A3-9474-1A3956D46DE8}") = "M009_OOP-Polymorph", "M009_OOP-Polymorph", "{E25BFB06-752B-4EB8-A293-1E9075114A4A}"
EndProject
Project("{FAE04EC0-301F-11D3-BF4B-00C04F79EFBC}") = "OOP-Poly", "OOP-Poly\OOP-Poly.csproj", "{2CE05E89-46E0-4CC8-975B-F475FE630084}"
EndProject
Project("{FAE04EC0-301F-11D3-BF4B-00C04F79EFBC}") = "Lab9_CountTypes", "Lab9_CountTypes\Lab9_CountTypes.csproj", "{85C340E1-6DA2-43FE-871F-6DDD333D16F5}"
EndProject
Project("{2150E333-8FDC-42A3-9474-1A3956D46DE8}") = "M010_OOP-Interfaces", "M010_OOP-Interfaces", "{D702410D-E5FC-442A-B7B0-7129E6BBCC80}"
EndProject
Project("{FAE04EC0-301F-11D3-BF4B-00C04F79EFBC}") = "OOP-Interfaces", "OOP-Interfaces\OOP-Interfaces.csproj", "{1D0907C9-6DDA-455F-A6ED-A669FA01643C}"
EndProject
Project("{FAE04EC0-301F-11D3-BF4B-00C04F79EFBC}") = "Lab10_Interfaces", "Lab10_Interfaces\Lab10_Interfaces.csproj", "{7A5CCB6E-924A-429A-A04E-04C76E138FA5}"
EndProject
Project("{2150E333-8FDC-42A3-9474-1A3956D46DE8}") = "M012_Errorhandling", "M012_Errorhandling", "{FB24E0E8-E0B7-4D0F-BEE9-0E850A11FC40}"
EndProject
Project("{FAE04EC0-301F-11D3-BF4B-00C04F79EFBC}") = "Exceptions", "Exceptions\Exceptions.csproj", "{948202B2-B9AD-4B02-AAA6-98AE291F175C}"
EndProject
Project("{FAE04EC0-301F-11D3-BF4B-00C04F79EFBC}") = "Lab12_TermCalc", "Lab12_TermCalc\Lab12_TermCalc.csproj", "{CFD96BCB-CAA0-460E-8B65-229338B18669}"
EndProject
Project("{2150E333-8FDC-42A3-9474-1A3956D46DE8}") = "M013_Serilisation", "M013_Serilisation", "{31330024-A555-4368-A6EC-823A1EE46426}"
EndProject
Project("{FAE04EC0-301F-11D3-BF4B-00C04F79EFBC}") = "Serilisation", "Serilisation\Serilisation.csproj", "{296DB55A-547F-4C0C-AC07-6E8D0FE0F83A}"
EndProject
Project("{2150E333-8FDC-42A3-9474-1A3956D46DE8}") = "M014_GUI", "M014_GUI", "{60D8308A-E600-4A45-BD73-A7045F288A5D}"
EndProject
Project("{FAE04EC0-301F-11D3-BF4B-00C04F79EFBC}") = "FahrzeugLib", "FahrzeugLib\FahrzeugLib.csproj", "{7B6D6F5A-320F-4282-916D-8C4C0AD60AC8}"
EndProject
Project("{FAE04EC0-301F-11D3-BF4B-00C04F79EFBC}") = "FahrzeugWPF", "FahrzeugWPF\FahrzeugWPF.csproj", "{CDB390A6-3AAA-4D2C-B5D9-7FDD132FF962}"
EndProject
Project("{FAE04EC0-301F-11D3-BF4B-00C04F79EFBC}") = "FahrzeugGUI", "FahrzeugGUI\FahrzeugGUI.csproj", "{F1E4D80F-DA27-45B0-AA6F-38F2A222548B}"
EndProject
Project("{2150E333-8FDC-42A3-9474-1A3956D46DE8}") = "M011_Generics", "M011_Generics", "{09DC13E9-2503-412C-AD83-C04B0F3D96CC}"
EndProject
Project("{FAE04EC0-301F-11D3-BF4B-00C04F79EFBC}") = "Generics", "Generics\Generics.csproj", "{7FF1DF08-EA60-4391-8FDF-615F7D696640}"
EndProject
Global
	GlobalSection(SolutionConfigurationPlatforms) = preSolution
		Debug|Any CPU = Debug|Any CPU
		Release|Any CPU = Release|Any CPU
	EndGlobalSection
	GlobalSection(ProjectConfigurationPlatforms) = postSolution
		{8ADB3B23-E2EF-43C1-9083-25AB3F4E482B}.Debug|Any CPU.ActiveCfg = Debug|Any CPU
		{8ADB3B23-E2EF-43C1-9083-25AB3F4E482B}.Debug|Any CPU.Build.0 = Debug|Any CPU
		{8ADB3B23-E2EF-43C1-9083-25AB3F4E482B}.Release|Any CPU.ActiveCfg = Release|Any CPU
		{8ADB3B23-E2EF-43C1-9083-25AB3F4E482B}.Release|Any CPU.Build.0 = Release|Any CPU
		{52D62BED-BD1A-4482-AB2F-B4F9A3F5087B}.Debug|Any CPU.ActiveCfg = Debug|Any CPU
		{52D62BED-BD1A-4482-AB2F-B4F9A3F5087B}.Debug|Any CPU.Build.0 = Debug|Any CPU
		{52D62BED-BD1A-4482-AB2F-B4F9A3F5087B}.Release|Any CPU.ActiveCfg = Release|Any CPU
		{52D62BED-BD1A-4482-AB2F-B4F9A3F5087B}.Release|Any CPU.Build.0 = Release|Any CPU
		{482DEBCA-6C84-4F99-AD16-474AFAF0642E}.Debug|Any CPU.ActiveCfg = Debug|Any CPU
		{482DEBCA-6C84-4F99-AD16-474AFAF0642E}.Debug|Any CPU.Build.0 = Debug|Any CPU
		{482DEBCA-6C84-4F99-AD16-474AFAF0642E}.Release|Any CPU.ActiveCfg = Release|Any CPU
		{482DEBCA-6C84-4F99-AD16-474AFAF0642E}.Release|Any CPU.Build.0 = Release|Any CPU
		{8278312A-F5E3-4674-8A73-E440C6F1B0BC}.Debug|Any CPU.ActiveCfg = Debug|Any CPU
		{8278312A-F5E3-4674-8A73-E440C6F1B0BC}.Debug|Any CPU.Build.0 = Debug|Any CPU
		{8278312A-F5E3-4674-8A73-E440C6F1B0BC}.Release|Any CPU.ActiveCfg = Release|Any CPU
		{8278312A-F5E3-4674-8A73-E440C6F1B0BC}.Release|Any CPU.Build.0 = Release|Any CPU
		{25D4DAD7-293A-41DB-927C-91CD33361D89}.Debug|Any CPU.ActiveCfg = Debug|Any CPU
		{25D4DAD7-293A-41DB-927C-91CD33361D89}.Debug|Any CPU.Build.0 = Debug|Any CPU
		{25D4DAD7-293A-41DB-927C-91CD33361D89}.Release|Any CPU.ActiveCfg = Release|Any CPU
		{25D4DAD7-293A-41DB-927C-91CD33361D89}.Release|Any CPU.Build.0 = Release|Any CPU
		{B8D790AE-A1B4-40A1-8D58-EDB02B9FC912}.Debug|Any CPU.ActiveCfg = Debug|Any CPU
		{B8D790AE-A1B4-40A1-8D58-EDB02B9FC912}.Debug|Any CPU.Build.0 = Debug|Any CPU
		{B8D790AE-A1B4-40A1-8D58-EDB02B9FC912}.Release|Any CPU.ActiveCfg = Release|Any CPU
		{B8D790AE-A1B4-40A1-8D58-EDB02B9FC912}.Release|Any CPU.Build.0 = Release|Any CPU
		{DD3860A4-3FD6-4AE8-8207-5A80CC5B610E}.Debug|Any CPU.ActiveCfg = Debug|Any CPU
		{DD3860A4-3FD6-4AE8-8207-5A80CC5B610E}.Debug|Any CPU.Build.0 = Debug|Any CPU
		{DD3860A4-3FD6-4AE8-8207-5A80CC5B610E}.Release|Any CPU.ActiveCfg = Release|Any CPU
		{DD3860A4-3FD6-4AE8-8207-5A80CC5B610E}.Release|Any CPU.Build.0 = Release|Any CPU
		{F4343AC7-7D7E-41CF-A7AE-A9CBED14EF81}.Debug|Any CPU.ActiveCfg = Debug|Any CPU
		{F4343AC7-7D7E-41CF-A7AE-A9CBED14EF81}.Debug|Any CPU.Build.0 = Debug|Any CPU
		{F4343AC7-7D7E-41CF-A7AE-A9CBED14EF81}.Release|Any CPU.ActiveCfg = Release|Any CPU
		{F4343AC7-7D7E-41CF-A7AE-A9CBED14EF81}.Release|Any CPU.Build.0 = Release|Any CPU
		{B9810552-D72F-4BF8-A9CB-242924A4F034}.Debug|Any CPU.ActiveCfg = Debug|Any CPU
		{B9810552-D72F-4BF8-A9CB-242924A4F034}.Debug|Any CPU.Build.0 = Debug|Any CPU
		{B9810552-D72F-4BF8-A9CB-242924A4F034}.Release|Any CPU.ActiveCfg = Release|Any CPU
		{B9810552-D72F-4BF8-A9CB-242924A4F034}.Release|Any CPU.Build.0 = Release|Any CPU
		{C0EFAB38-8989-4960-A532-57C24608A7CF}.Debug|Any CPU.ActiveCfg = Debug|Any CPU
		{C0EFAB38-8989-4960-A532-57C24608A7CF}.Debug|Any CPU.Build.0 = Debug|Any CPU
		{C0EFAB38-8989-4960-A532-57C24608A7CF}.Release|Any CPU.ActiveCfg = Release|Any CPU
		{C0EFAB38-8989-4960-A532-57C24608A7CF}.Release|Any CPU.Build.0 = Release|Any CPU
		{5ABB9276-7EF7-45A8-A573-0FC60B9E128C}.Debug|Any CPU.ActiveCfg = Debug|Any CPU
		{5ABB9276-7EF7-45A8-A573-0FC60B9E128C}.Debug|Any CPU.Build.0 = Debug|Any CPU
		{5ABB9276-7EF7-45A8-A573-0FC60B9E128C}.Release|Any CPU.ActiveCfg = Release|Any CPU
		{5ABB9276-7EF7-45A8-A573-0FC60B9E128C}.Release|Any CPU.Build.0 = Release|Any CPU
		{412EE99B-95A4-407B-8356-723D136FA62D}.Debug|Any CPU.ActiveCfg = Debug|Any CPU
		{412EE99B-95A4-407B-8356-723D136FA62D}.Debug|Any CPU.Build.0 = Debug|Any CPU
		{412EE99B-95A4-407B-8356-723D136FA62D}.Release|Any CPU.ActiveCfg = Release|Any CPU
		{412EE99B-95A4-407B-8356-723D136FA62D}.Release|Any CPU.Build.0 = Release|Any CPU
		{D38C1D62-4844-40C3-A5FB-B783833CDAEF}.Debug|Any CPU.ActiveCfg = Debug|Any CPU
		{D38C1D62-4844-40C3-A5FB-B783833CDAEF}.Debug|Any CPU.Build.0 = Debug|Any CPU
		{D38C1D62-4844-40C3-A5FB-B783833CDAEF}.Release|Any CPU.ActiveCfg = Release|Any CPU
		{D38C1D62-4844-40C3-A5FB-B783833CDAEF}.Release|Any CPU.Build.0 = Release|Any CPU
		{2CE05E89-46E0-4CC8-975B-F475FE630084}.Debug|Any CPU.ActiveCfg = Debug|Any CPU
		{2CE05E89-46E0-4CC8-975B-F475FE630084}.Debug|Any CPU.Build.0 = Debug|Any CPU
		{2CE05E89-46E0-4CC8-975B-F475FE630084}.Release|Any CPU.ActiveCfg = Release|Any CPU
		{2CE05E89-46E0-4CC8-975B-F475FE630084}.Release|Any CPU.Build.0 = Release|Any CPU
		{85C340E1-6DA2-43FE-871F-6DDD333D16F5}.Debug|Any CPU.ActiveCfg = Debug|Any CPU
		{85C340E1-6DA2-43FE-871F-6DDD333D16F5}.Debug|Any CPU.Build.0 = Debug|Any CPU
		{85C340E1-6DA2-43FE-871F-6DDD333D16F5}.Release|Any CPU.ActiveCfg = Release|Any CPU
		{85C340E1-6DA2-43FE-871F-6DDD333D16F5}.Release|Any CPU.Build.0 = Release|Any CPU
		{1D0907C9-6DDA-455F-A6ED-A669FA01643C}.Debug|Any CPU.ActiveCfg = Debug|Any CPU
		{1D0907C9-6DDA-455F-A6ED-A669FA01643C}.Debug|Any CPU.Build.0 = Debug|Any CPU
		{1D0907C9-6DDA-455F-A6ED-A669FA01643C}.Release|Any CPU.ActiveCfg = Release|Any CPU
		{1D0907C9-6DDA-455F-A6ED-A669FA01643C}.Release|Any CPU.Build.0 = Release|Any CPU
		{7A5CCB6E-924A-429A-A04E-04C76E138FA5}.Debug|Any CPU.ActiveCfg = Debug|Any CPU
		{7A5CCB6E-924A-429A-A04E-04C76E138FA5}.Debug|Any CPU.Build.0 = Debug|Any CPU
		{7A5CCB6E-924A-429A-A04E-04C76E138FA5}.Release|Any CPU.ActiveCfg = Release|Any CPU
		{7A5CCB6E-924A-429A-A04E-04C76E138FA5}.Release|Any CPU.Build.0 = Release|Any CPU
		{948202B2-B9AD-4B02-AAA6-98AE291F175C}.Debug|Any CPU.ActiveCfg = Debug|Any CPU
		{948202B2-B9AD-4B02-AAA6-98AE291F175C}.Debug|Any CPU.Build.0 = Debug|Any CPU
		{948202B2-B9AD-4B02-AAA6-98AE291F175C}.Release|Any CPU.ActiveCfg = Release|Any CPU
		{948202B2-B9AD-4B02-AAA6-98AE291F175C}.Release|Any CPU.Build.0 = Release|Any CPU
		{CFD96BCB-CAA0-460E-8B65-229338B18669}.Debug|Any CPU.ActiveCfg = Debug|Any CPU
		{CFD96BCB-CAA0-460E-8B65-229338B18669}.Debug|Any CPU.Build.0 = Debug|Any CPU
		{CFD96BCB-CAA0-460E-8B65-229338B18669}.Release|Any CPU.ActiveCfg = Release|Any CPU
		{CFD96BCB-CAA0-460E-8B65-229338B18669}.Release|Any CPU.Build.0 = Release|Any CPU
		{296DB55A-547F-4C0C-AC07-6E8D0FE0F83A}.Debug|Any CPU.ActiveCfg = Debug|Any CPU
		{296DB55A-547F-4C0C-AC07-6E8D0FE0F83A}.Debug|Any CPU.Build.0 = Debug|Any CPU
		{296DB55A-547F-4C0C-AC07-6E8D0FE0F83A}.Release|Any CPU.ActiveCfg = Release|Any CPU
		{296DB55A-547F-4C0C-AC07-6E8D0FE0F83A}.Release|Any CPU.Build.0 = Release|Any CPU
		{7B6D6F5A-320F-4282-916D-8C4C0AD60AC8}.Debug|Any CPU.ActiveCfg = Debug|Any CPU
		{7B6D6F5A-320F-4282-916D-8C4C0AD60AC8}.Debug|Any CPU.Build.0 = Debug|Any CPU
		{7B6D6F5A-320F-4282-916D-8C4C0AD60AC8}.Release|Any CPU.ActiveCfg = Release|Any CPU
		{7B6D6F5A-320F-4282-916D-8C4C0AD60AC8}.Release|Any CPU.Build.0 = Release|Any CPU
		{CDB390A6-3AAA-4D2C-B5D9-7FDD132FF962}.Debug|Any CPU.ActiveCfg = Debug|Any CPU
		{CDB390A6-3AAA-4D2C-B5D9-7FDD132FF962}.Debug|Any CPU.Build.0 = Debug|Any CPU
		{CDB390A6-3AAA-4D2C-B5D9-7FDD132FF962}.Release|Any CPU.ActiveCfg = Release|Any CPU
		{CDB390A6-3AAA-4D2C-B5D9-7FDD132FF962}.Release|Any CPU.Build.0 = Release|Any CPU
		{F1E4D80F-DA27-45B0-AA6F-38F2A222548B}.Debug|Any CPU.ActiveCfg = Debug|Any CPU
		{F1E4D80F-DA27-45B0-AA6F-38F2A222548B}.Debug|Any CPU.Build.0 = Debug|Any CPU
		{F1E4D80F-DA27-45B0-AA6F-38F2A222548B}.Release|Any CPU.ActiveCfg = Release|Any CPU
		{F1E4D80F-DA27-45B0-AA6F-38F2A222548B}.Release|Any CPU.Build.0 = Release|Any CPU
		{7FF1DF08-EA60-4391-8FDF-615F7D696640}.Debug|Any CPU.ActiveCfg = Debug|Any CPU
		{7FF1DF08-EA60-4391-8FDF-615F7D696640}.Debug|Any CPU.Build.0 = Debug|Any CPU
		{7FF1DF08-EA60-4391-8FDF-615F7D696640}.Release|Any CPU.ActiveCfg = Release|Any CPU
		{7FF1DF08-EA60-4391-8FDF-615F7D696640}.Release|Any CPU.Build.0 = Release|Any CPU
	EndGlobalSection
	GlobalSection(SolutionProperties) = preSolution
		HideSolutionNode = FALSE
	EndGlobalSection
	GlobalSection(NestedProjects) = preSolution
		{8ADB3B23-E2EF-43C1-9083-25AB3F4E482B} = {02EA681E-C7D8-13C7-8484-4AC65E1B71E8}
		{52D62BED-BD1A-4482-AB2F-B4F9A3F5087B} = {B25D8417-0834-409E-81C4-7E380074A439}
		{482DEBCA-6C84-4F99-AD16-474AFAF0642E} = {B25D8417-0834-409E-81C4-7E380074A439}
		{8278312A-F5E3-4674-8A73-E440C6F1B0BC} = {E33C4730-3742-4CF5-94E7-2036A26DA110}
		{25D4DAD7-293A-41DB-927C-91CD33361D89} = {E33C4730-3742-4CF5-94E7-2036A26DA110}
		{B8D790AE-A1B4-40A1-8D58-EDB02B9FC912} = {0E3FBF04-C510-444B-ABC8-253907A03932}
		{DD3860A4-3FD6-4AE8-8207-5A80CC5B610E} = {0E3FBF04-C510-444B-ABC8-253907A03932}
		{F4343AC7-7D7E-41CF-A7AE-A9CBED14EF81} = {ACC11E3A-FDEA-429C-AAFD-E23F8B83589F}
		{B9810552-D72F-4BF8-A9CB-242924A4F034} = {ACC11E3A-FDEA-429C-AAFD-E23F8B83589F}
		{C0EFAB38-8989-4960-A532-57C24608A7CF} = {4417EA06-DF77-42A2-B5EA-D6BA8BCBC59F}
		{5ABB9276-7EF7-45A8-A573-0FC60B9E128C} = {4417EA06-DF77-42A2-B5EA-D6BA8BCBC59F}
		{412EE99B-95A4-407B-8356-723D136FA62D} = {FE1BF6E8-D08D-44C7-8D8F-E0C2DFAE658D}
		{D38C1D62-4844-40C3-A5FB-B783833CDAEF} = {FE1BF6E8-D08D-44C7-8D8F-E0C2DFAE658D}
		{2CE05E89-46E0-4CC8-975B-F475FE630084} = {E25BFB06-752B-4EB8-A293-1E9075114A4A}
		{85C340E1-6DA2-43FE-871F-6DDD333D16F5} = {E25BFB06-752B-4EB8-A293-1E9075114A4A}
		{1D0907C9-6DDA-455F-A6ED-A669FA01643C} = {D702410D-E5FC-442A-B7B0-7129E6BBCC80}
		{7A5CCB6E-924A-429A-A04E-04C76E138FA5} = {D702410D-E5FC-442A-B7B0-7129E6BBCC80}
		{948202B2-B9AD-4B02-AAA6-98AE291F175C} = {FB24E0E8-E0B7-4D0F-BEE9-0E850A11FC40}
		{CFD96BCB-CAA0-460E-8B65-229338B18669} = {FB24E0E8-E0B7-4D0F-BEE9-0E850A11FC40}
		{296DB55A-547F-4C0C-AC07-6E8D0FE0F83A} = {31330024-A555-4368-A6EC-823A1EE46426}
		{7B6D6F5A-320F-4282-916D-8C4C0AD60AC8} = {60D8308A-E600-4A45-BD73-A7045F288A5D}
		{CDB390A6-3AAA-4D2C-B5D9-7FDD132FF962} = {60D8308A-E600-4A45-BD73-A7045F288A5D}
		{F1E4D80F-DA27-45B0-AA6F-38F2A222548B} = {60D8308A-E600-4A45-BD73-A7045F288A5D}
		{7FF1DF08-EA60-4391-8FDF-615F7D696640} = {09DC13E9-2503-412C-AD83-C04B0F3D96CC}
	EndGlobalSection
	GlobalSection(ExtensibilityGlobals) = postSolution
		SolutionGuid = {F4F81670-3076-48F8-A356-A3B70D3DC1DF}
	EndGlobalSection
EndGlobal
